
Microsoft Visual Studio Solution File, Format Version 12.00
# Visual Studio Version 17
VisualStudioVersion = 17.3.32929.385
MinimumVisualStudioVersion = 10.0.40219.1
Project("{FAE04EC0-301F-11D3-BF4B-00C04F79EFBC}") = "Livraria", "Livraria.csproj", "{3728905A-5BFB-44A8-BDA1-45AACF5CFEE1}"
EndProject
Global
	GlobalSection(SolutionConfigurationPlatforms) = preSolution
		Debug|Any CPU = Debug|Any CPU
		Release|Any CPU = Release|Any CPU
	EndGlobalSection
	GlobalSection(ProjectConfigurationPlatforms) = postSolution
		{3728905A-5BFB-44A8-BDA1-45AACF5CFEE1}.Debug|Any CPU.ActiveCfg = Debug|Any CPU
		{3728905A-5BFB-44A8-BDA1-45AACF5CFEE1}.Debug|Any CPU.Build.0 = Debug|Any CPU
		{3728905A-5BFB-44A8-BDA1-45AACF5CFEE1}.Release|Any CPU.ActiveCfg = Release|Any CPU
		{3728905A-5BFB-44A8-BDA1-45AACF5CFEE1}.Release|Any CPU.Build.0 = Release|Any CPU
	EndGlobalSection
	GlobalSection(SolutionProperties) = preSolution
		HideSolutionNode = FALSE
	EndGlobalSection
	GlobalSection(ExtensibilityGlobals) = postSolution
		SolutionGuid = {9F5C0C1B-BEFF-46C4-8D93-FBBF04E489B9}
	EndGlobalSection
EndGlobal
